// !$*UTF8*$!
{
	archiveVersion = 1;
	classes = {
	};
	objectVersion = 55;
	objects = {

/* Begin PBXBuildFile section */
		064FF4B527EA830900E8D123 /* AppDelegate.swift in Sources */ = {isa = PBXBuildFile; fileRef = 064FF4B427EA830900E8D123 /* AppDelegate.swift */; };
		064FF4B727EA830900E8D123 /* SceneDelegate.swift in Sources */ = {isa = PBXBuildFile; fileRef = 064FF4B627EA830900E8D123 /* SceneDelegate.swift */; };
		064FF4B927EA830900E8D123 /* ViewController.swift in Sources */ = {isa = PBXBuildFile; fileRef = 064FF4B827EA830900E8D123 /* ViewController.swift */; };
		064FF4BC27EA830900E8D123 /* Main.storyboard in Resources */ = {isa = PBXBuildFile; fileRef = 064FF4BA27EA830900E8D123 /* Main.storyboard */; };
		064FF4BE27EA830D00E8D123 /* Assets.xcassets in Resources */ = {isa = PBXBuildFile; fileRef = 064FF4BD27EA830D00E8D123 /* Assets.xcassets */; };
		064FF4C127EA830D00E8D123 /* LaunchScreen.storyboard in Resources */ = {isa = PBXBuildFile; fileRef = 064FF4BF27EA830D00E8D123 /* LaunchScreen.storyboard */; };
		064FF4C927EA838800E8D123 /* Traversal.swift in Sources */ = {isa = PBXBuildFile; fileRef = 064FF4C827EA838800E8D123 /* Traversal.swift */; };
		0674367327EB8DFE00A69C28 /* Readme.rtf in Resources */ = {isa = PBXBuildFile; fileRef = 0674367227EB8DFE00A69C28 /* Readme.rtf */; };
/* End PBXBuildFile section */

/* Begin PBXFileReference section */
		064FF4B127EA830900E8D123 /* maximumPathOfA2DArray.app */ = {isa = PBXFileReference; explicitFileType = wrapper.application; includeInIndex = 0; path = maximumPathOfA2DArray.app; sourceTree = BUILT_PRODUCTS_DIR; };
		064FF4B427EA830900E8D123 /* AppDelegate.swift */ = {isa = PBXFileReference; lastKnownFileType = sourcecode.swift; path = AppDelegate.swift; sourceTree = "<group>"; };
		064FF4B627EA830900E8D123 /* SceneDelegate.swift */ = {isa = PBXFileReference; lastKnownFileType = sourcecode.swift; path = SceneDelegate.swift; sourceTree = "<group>"; };
		064FF4B827EA830900E8D123 /* ViewController.swift */ = {isa = PBXFileReference; lastKnownFileType = sourcecode.swift; path = ViewController.swift; sourceTree = "<group>"; };
		064FF4BB27EA830900E8D123 /* Base */ = {isa = PBXFileReference; lastKnownFileType = file.storyboard; name = Base; path = Base.lproj/Main.storyboard; sourceTree = "<group>"; };
		064FF4BD27EA830D00E8D123 /* Assets.xcassets */ = {isa = PBXFileReference; lastKnownFileType = folder.assetcatalog; path = Assets.xcassets; sourceTree = "<group>"; };
		064FF4C027EA830D00E8D123 /* Base */ = {isa = PBXFileReference; lastKnownFileType = file.storyboard; name = Base; path = Base.lproj/LaunchScreen.storyboard; sourceTree = "<group>"; };
		064FF4C227EA830D00E8D123 /* Info.plist */ = {isa = PBXFileReference; lastKnownFileType = text.plist.xml; path = Info.plist; sourceTree = "<group>"; };
		064FF4C827EA838800E8D123 /* Traversal.swift */ = {isa = PBXFileReference; lastKnownFileType = sourcecode.swift; path = Traversal.swift; sourceTree = "<group>"; };
		0674367227EB8DFE00A69C28 /* Readme.rtf */ = {isa = PBXFileReference; lastKnownFileType = text.rtf; path = Readme.rtf; sourceTree = "<group>"; };
/* End PBXFileReference section */

/* Begin PBXFrameworksBuildPhase section */
		064FF4AE27EA830900E8D123 /* Frameworks */ = {
			isa = PBXFrameworksBuildPhase;
			buildActionMask = 2147483647;
			files = (
			);
			runOnlyForDeploymentPostprocessing = 0;
		};
/* End PBXFrameworksBuildPhase section */

/* Begin PBXGroup section */
		064FF4A827EA830900E8D123 = {
			isa = PBXGroup;
			children = (
				064FF4B327EA830900E8D123 /* maximumPathOfA2DArray */,
				064FF4B227EA830900E8D123 /* Products */,
			);
			sourceTree = "<group>";
		};
		064FF4B227EA830900E8D123 /* Products */ = {
			isa = PBXGroup;
			children = (
				064FF4B127EA830900E8D123 /* maximumPathOfA2DArray.app */,
			);
			name = Products;
			sourceTree = "<group>";
		};
		064FF4B327EA830900E8D123 /* maximumPathOfA2DArray */ = {
			isa = PBXGroup;
			children = (
				0674367227EB8DFE00A69C28 /* Readme.rtf */,
				064FF4B427EA830900E8D123 /* AppDelegate.swift */,
				064FF4B627EA830900E8D123 /* SceneDelegate.swift */,
				064FF4B827EA830900E8D123 /* ViewController.swift */,
				064FF4C827EA838800E8D123 /* Traversal.swift */,
				064FF4BA27EA830900E8D123 /* Main.storyboard */,
				064FF4BD27EA830D00E8D123 /* Assets.xcassets */,
				064FF4BF27EA830D00E8D123 /* LaunchScreen.storyboard */,
				064FF4C227EA830D00E8D123 /* Info.plist */,
			);
			path = maximumPathOfA2DArray;
			sourceTree = "<group>";
		};
/* End PBXGroup section */

/* Begin PBXNativeTarget section */
		064FF4B027EA830900E8D123 /* maximumPathOfA2DArray */ = {
			isa = PBXNativeTarget;
			buildConfigurationList = 064FF4C527EA830D00E8D123 /* Build configuration list for PBXNativeTarget "maximumPathOfA2DArray" */;
			buildPhases = (
				064FF4AD27EA830900E8D123 /* Sources */,
				064FF4AE27EA830900E8D123 /* Frameworks */,
				064FF4AF27EA830900E8D123 /* Resources */,
			);
			buildRules = (
			);
			dependencies = (
			);
			name = maximumPathOfA2DArray;
			productName = maximumPathOfA2DArray;
			productReference = 064FF4B127EA830900E8D123 /* maximumPathOfA2DArray.app */;
			productType = "com.apple.product-type.application";
		};
/* End PBXNativeTarget section */

/* Begin PBXProject section */
		064FF4A927EA830900E8D123 /* Project object */ = {
			isa = PBXProject;
			attributes = {
				BuildIndependentTargetsInParallel = 1;
				LastSwiftUpdateCheck = 1320;
				LastUpgradeCheck = 1320;
				TargetAttributes = {
					064FF4B027EA830900E8D123 = {
						CreatedOnToolsVersion = 13.2;
					};
				};
			};
			buildConfigurationList = 064FF4AC27EA830900E8D123 /* Build configuration list for PBXProject "maximumPathOfA2DArray" */;
			compatibilityVersion = "Xcode 13.0";
			developmentRegion = en;
			hasScannedForEncodings = 0;
			knownRegions = (
				en,
				Base,
			);
			mainGroup = 064FF4A827EA830900E8D123;
			productRefGroup = 064FF4B227EA830900E8D123 /* Products */;
			projectDirPath = "";
			projectRoot = "";
			targets = (
				064FF4B027EA830900E8D123 /* maximumPathOfA2DArray */,
			);
		};
/* End PBXProject section */

/* Begin PBXResourcesBuildPhase section */
		064FF4AF27EA830900E8D123 /* Resources */ = {
			isa = PBXResourcesBuildPhase;
			buildActionMask = 2147483647;
			files = (
				064FF4C127EA830D00E8D123 /* LaunchScreen.storyboard in Resources */,
				064FF4BE27EA830D00E8D123 /* Assets.xcassets in Resources */,
				0674367327EB8DFE00A69C28 /* Readme.rtf in Resources */,
				064FF4BC27EA830900E8D123 /* Main.storyboard in Resources */,
			);
			runOnlyForDeploymentPostprocessing = 0;
		};
/* End PBXResourcesBuildPhase section */

/* Begin PBXSourcesBuildPhase section */
		064FF4AD27EA830900E8D123 /* Sources */ = {
			isa = PBXSourcesBuildPhase;
			buildActionMask = 2147483647;
			files = (
				064FF4B927EA830900E8D123 /* ViewController.swift in Sources */,
				064FF4B527EA830900E8D123 /* AppDelegate.swift in Sources */,
				064FF4C927EA838800E8D123 /* Traversal.swift in Sources */,
				064FF4B727EA830900E8D123 /* SceneDelegate.swift in Sources */,
			);
			runOnlyForDeploymentPostprocessing = 0;
		};
/* End PBXSourcesBuildPhase section */

/* Begin PBXVariantGroup section */
		064FF4BA27EA830900E8D123 /* Main.storyboard */ = {
			isa = PBXVariantGroup;
			children = (
				064FF4BB27EA830900E8D123 /* Base */,
			);
			name = Main.storyboard;
			sourceTree = "<group>";
		};
		064FF4BF27EA830D00E8D123 /* LaunchScreen.storyboard */ = {
			isa = PBXVariantGroup;
			children = (
				064FF4C027EA830D00E8D123 /* Base */,
			);
			name = LaunchScreen.storyboard;
			sourceTree = "<group>";
		};
/* End PBXVariantGroup section */

/* Begin XCBuildConfiguration section */
		064FF4C327EA830D00E8D123 /* Debug */ = {
			isa = XCBuildConfiguration;
			buildSettings = {
				ALWAYS_SEARCH_USER_PATHS = NO;
				CLANG_ANALYZER_NONNULL = YES;
				CLANG_ANALYZER_NUMBER_OBJECT_CONVERSION = YES_AGGRESSIVE;
				CLANG_CXX_LANGUAGE_STANDARD = "gnu++17";
				CLANG_CXX_LIBRARY = "libc++";
				CLANG_ENABLE_MODULES = YES;
				CLANG_ENABLE_OBJC_ARC = YES;
				CLANG_ENABLE_OBJC_WEAK = YES;
				CLANG_WARN_BLOCK_CAPTURE_AUTORELEASING = YES;
				CLANG_WARN_BOOL_CONVERSION = YES;
				CLANG_WARN_COMMA = YES;
				CLANG_WARN_CONSTANT_CONVERSION = YES;
				CLANG_WARN_DEPRECATED_OBJC_IMPLEMENTATIONS = YES;
				CLANG_WARN_DIRECT_OBJC_ISA_USAGE = YES_ERROR;
				CLANG_WARN_DOCUMENTATION_COMMENTS = YES;
				CLANG_WARN_EMPTY_BODY = YES;
				CLANG_WARN_ENUM_CONVERSION = YES;
				CLANG_WARN_INFINITE_RECURSION = YES;
				CLANG_WARN_INT_CONVERSION = YES;
				CLANG_WARN_NON_LITERAL_NULL_CONVERSION = YES;
				CLANG_WARN_OBJC_IMPLICIT_RETAIN_SELF = YES;
				CLANG_WARN_OBJC_LITERAL_CONVERSION = YES;
				CLANG_WARN_OBJC_ROOT_CLASS = YES_ERROR;
				CLANG_WARN_QUOTED_INCLUDE_IN_FRAMEWORK_HEADER = YES;
				CLANG_WARN_RANGE_LOOP_ANALYSIS = YES;
				CLANG_WARN_STRICT_PROTOTYPES = YES;
				CLANG_WARN_SUSPICIOUS_MOVE = YES;
				CLANG_WARN_UNGUARDED_AVAILABILITY = YES_AGGRESSIVE;
				CLANG_WARN_UNREACHABLE_CODE = YES;
				CLANG_WARN__DUPLICATE_METHOD_MATCH = YES;
				COPY_PHASE_STRIP = NO;
				DEBUG_INFORMATION_FORMAT = dwarf;
				ENABLE_STRICT_OBJC_MSGSEND = YES;
				ENABLE_TESTABILITY = YES;
				GCC_C_LANGUAGE_STANDARD = gnu11;
				GCC_DYNAMIC_NO_PIC = NO;
				GCC_NO_COMMON_BLOCKS = YES;
				GCC_OPTIMIZATION_LEVEL = 0;
				GCC_PREPROCESSOR_DEFINITIONS = (
					"DEBUG=1",
					"$(inherited)",
				);
				GCC_WARN_64_TO_32_BIT_CONVERSION = YES;
				GCC_WARN_ABOUT_RETURN_TYPE = YES_ERROR;
				GCC_WARN_UNDECLARED_SELECTOR = YES;
				GCC_WARN_UNINITIALIZED_AUTOS = YES_AGGRESSIVE;
				GCC_WARN_UNUSED_FUNCTION = YES;
				GCC_WARN_UNUSED_VARIABLE = YES;
				IPHONEOS_DEPLOYMENT_TARGET = 15.2;
				MTL_ENABLE_DEBUG_INFO = INCLUDE_SOURCE;
				MTL_FAST_MATH = YES;
				ONLY_ACTIVE_ARCH = YES;
				SDKROOT = iphoneos;
				SWIFT_ACTIVE_COMPILATION_CONDITIONS = DEBUG;
				SWIFT_OPTIMIZATION_LEVEL = "-Onone";
			};
			name = Debug;
		};
		064FF4C427EA830D00E8D123 /* Release */ = {
			isa = XCBuildConfiguration;
			buildSettings = {
				ALWAYS_SEARCH_USER_PATHS = NO;
				CLANG_ANALYZER_NONNULL = YES;
				CLANG_ANALYZER_NUMBER_OBJECT_CONVERSION = YES_AGGRESSIVE;
				CLANG_CXX_LANGUAGE_STANDARD = "gnu++17";
				CLANG_CXX_LIBRARY = "libc++";
				CLANG_ENABLE_MODULES = YES;
				CLANG_ENABLE_OBJC_ARC = YES;
				CLANG_ENABLE_OBJC_WEAK = YES;
				CLANG_WARN_BLOCK_CAPTURE_AUTORELEASING = YES;
				CLANG_WARN_BOOL_CONVERSION = YES;
				CLANG_WARN_COMMA = YES;
				CLANG_WARN_CONSTANT_CONVERSION = YES;
				CLANG_WARN_DEPRECATED_OBJC_IMPLEMENTATIONS = YES;
				CLANG_WARN_DIRECT_OBJC_ISA_USAGE = YES_ERROR;
				CLANG_WARN_DOCUMENTATION_COMMENTS = YES;
				CLANG_WARN_EMPTY_BODY = YES;
				CLANG_WARN_ENUM_CONVERSION = YES;
				CLANG_WARN_INFINITE_RECURSION = YES;
				CLANG_WARN_INT_CONVERSION = YES;
				CLANG_WARN_NON_LITERAL_NULL_CONVERSION = YES;
				CLANG_WARN_OBJC_IMPLICIT_RETAIN_SELF = YES;
				CLANG_WARN_OBJC_LITERAL_CONVERSION = YES;
				CLANG_WARN_OBJC_ROOT_CLASS = YES_ERROR;
				CLANG_WARN_QUOTED_INCLUDE_IN_FRAMEWORK_HEADER = YES;
				CLANG_WARN_RANGE_LOOP_ANALYSIS = YES;
				CLANG_WARN_STRICT_PROTOTYPES = YES;
				CLANG_WARN_SUSPICIOUS_MOVE = YES;
				CLANG_WARN_UNGUARDED_AVAILABILITY = YES_AGGRESSIVE;
				CLANG_WARN_UNREACHABLE_CODE = YES;
				CLANG_WARN__DUPLICATE_METHOD_MATCH = YES;
				COPY_PHASE_STRIP = NO;
				DEBUG_INFORMATION_FORMAT = "dwarf-with-dsym";
				ENABLE_NS_ASSERTIONS = NO;
				ENABLE_STRICT_OBJC_MSGSEND = YES;
				GCC_C_LANGUAGE_STANDARD = gnu11;
				GCC_NO_COMMON_BLOCKS = YES;
				GCC_WARN_64_TO_32_BIT_CONVERSION = YES;
				GCC_WARN_ABOUT_RETURN_TYPE = YES_ERROR;
				GCC_WARN_UNDECLARED_SELECTOR = YES;
				GCC_WARN_UNINITIALIZED_AUTOS = YES_AGGRESSIVE;
				GCC_WARN_UNUSED_FUNCTION = YES;
				GCC_WARN_UNUSED_VARIABLE = YES;
				IPHONEOS_DEPLOYMENT_TARGET = 15.2;
				MTL_ENABLE_DEBUG_INFO = NO;
				MTL_FAST_MATH = YES;
				SDKROOT = iphoneos;
				SWIFT_COMPILATION_MODE = wholemodule;
				SWIFT_OPTIMIZATION_LEVEL = "-O";
				VALIDATE_PRODUCT = YES;
			};
			name = Release;
		};
		064FF4C627EA830D00E8D123 /* Debug */ = {
			isa = XCBuildConfiguration;
			buildSettings = {
				ASSETCATALOG_COMPILER_APPICON_NAME = AppIcon;
				ASSETCATALOG_COMPILER_GLOBAL_ACCENT_COLOR_NAME = AccentColor;
				CODE_SIGN_STYLE = Automatic;
				CURRENT_PROJECT_VERSION = 1;
				GENERATE_INFOPLIST_FILE = YES;
				INFOPLIST_FILE = maximumPathOfA2DArray/Info.plist;
				INFOPLIST_KEY_UIApplicationSupportsIndirectInputEvents = YES;
				INFOPLIST_KEY_UILaunchStoryboardName = LaunchScreen;
				INFOPLIST_KEY_UIMainStoryboardFile = Main;
				INFOPLIST_KEY_UISupportedInterfaceOrientations_iPad = "UIInterfaceOrientationPortrait UIInterfaceOrientationPortraitUpsideDown UIInterfaceOrientationLandscapeLeft UIInterfaceOrientationLandscapeRight";
				INFOPLIST_KEY_UISupportedInterfaceOrientations_iPhone = "UIInterfaceOrientationPortrait UIInterfaceOrientationLandscapeLeft UIInterfaceOrientationLandscapeRight";
				LD_RUNPATH_SEARCH_PATHS = (
					"$(inherited)",
					"@executable_path/Frameworks",
				);
				MARKETING_VERSION = 1.0;
				PRODUCT_BUNDLE_IDENTIFIER = com.mubozk.maximumPathOfA2DArray;
				PRODUCT_NAME = "$(TARGET_NAME)";
				SWIFT_EMIT_LOC_STRINGS = YES;
				SWIFT_VERSION = 5.0;
				TARGETED_DEVICE_FAMILY = "1,2";
			};
			name = Debug;
		};
		064FF4C727EA830D00E8D123 /* Release */ = {
			isa = XCBuildConfiguration;
			buildSettings = {
				ASSETCATALOG_COMPILER_APPICON_NAME = AppIcon;
				ASSETCATALOG_COMPILER_GLOBAL_ACCENT_COLOR_NAME = AccentColor;
				CODE_SIGN_STYLE = Automatic;
				CURRENT_PROJECT_VERSION = 1;
				GENERATE_INFOPLIST_FILE = YES;
				INFOPLIST_FILE = maximumPathOfA2DArray/Info.plist;
				INFOPLIST_KEY_UIApplicationSupportsIndirectInputEvents = YES;
				INFOPLIST_KEY_UILaunchStoryboardName = LaunchScreen;
				INFOPLIST_KEY_UIMainStoryboardFile = Main;
				INFOPLIST_KEY_UISupportedInterfaceOrientations_iPad = "UIInterfaceOrientationPortrait UIInterfaceOrientationPortraitUpsideDown UIInterfaceOrientationLandscapeLeft UIInterfaceOrientationLandscapeRight";
				INFOPLIST_KEY_UISupportedInterfaceOrientations_iPhone = "UIInterfaceOrientationPortrait UIInterfaceOrientationLandscapeLeft UIInterfaceOrientationLandscapeRight";
				LD_RUNPATH_SEARCH_PATHS = (
					"$(inherited)",
					"@executable_path/Frameworks",
				);
				MARKETING_VERSION = 1.0;
				PRODUCT_BUNDLE_IDENTIFIER = com.mubozk.maximumPathOfA2DArray;
				PRODUCT_NAME = "$(TARGET_NAME)";
				SWIFT_EMIT_LOC_STRINGS = YES;
				SWIFT_VERSION = 5.0;
				TARGETED_DEVICE_FAMILY = "1,2";
			};
			name = Release;
		};
/* End XCBuildConfiguration section */

/* Begin XCConfigurationList section */
		064FF4AC27EA830900E8D123 /* Build configuration list for PBXProject "maximumPathOfA2DArray" */ = {
			isa = XCConfigurationList;
			buildConfigurations = (
				064FF4C327EA830D00E8D123 /* Debug */,
				064FF4C427EA830D00E8D123 /* Release */,
			);
			defaultConfigurationIsVisible = 0;
			defaultConfigurationName = Release;
		};
		064FF4C527EA830D00E8D123 /* Build configuration list for PBXNativeTarget "maximumPathOfA2DArray" */ = {
			isa = XCConfigurationList;
			buildConfigurations = (
				064FF4C627EA830D00E8D123 /* Debug */,
				064FF4C727EA830D00E8D123 /* Release */,
			);
			defaultConfigurationIsVisible = 0;
			defaultConfigurationName = Release;
		};
/* End XCConfigurationList section */
	};
	rootObject = 064FF4A927EA830900E8D123 /* Project object */;
}
